// !$*UTF8*$!
{
	archiveVersion = 1;
	classes = {
	};
	objectVersion = 50;
	objects = {

/* Begin PBXBuildFile section */
		BF54FAA720EA5700003399F8 /* AppDelegate.swift in Sources */ = {isa = PBXBuildFile; fileRef = BF54FAA620EA5700003399F8 /* AppDelegate.swift */; };
		BF54FAA920EA5700003399F8 /* ViewController.swift in Sources */ = {isa = PBXBuildFile; fileRef = BF54FAA820EA5700003399F8 /* ViewController.swift */; };
		BF54FAAE20EA5701003399F8 /* Assets.xcassets in Resources */ = {isa = PBXBuildFile; fileRef = BF54FAAD20EA5701003399F8 /* Assets.xcassets */; };
		BF54FAB920EA5748003399F8 /* StakeView.swift in Sources */ = {isa = PBXBuildFile; fileRef = BF54FAB820EA5748003399F8 /* StakeView.swift */; };
		BF54FABD20EA5F96003399F8 /* SnakeNode.swift in Sources */ = {isa = PBXBuildFile; fileRef = BF54FABC20EA5F96003399F8 /* SnakeNode.swift */; };
		BF54FABF20EA5FB2003399F8 /* SnakeBody.swift in Sources */ = {isa = PBXBuildFile; fileRef = BF54FABE20EA5FB2003399F8 /* SnakeBody.swift */; };
/* End PBXBuildFile section */

/* Begin PBXFileReference section */
		BF54FAA320EA5700003399F8 /* footballSnake.app */ = {isa = PBXFileReference; explicitFileType = wrapper.application; includeInIndex = 0; path = footballSnake.app; sourceTree = BUILT_PRODUCTS_DIR; };
		BF54FAA620EA5700003399F8 /* AppDelegate.swift */ = {isa = PBXFileReference; lastKnownFileType = sourcecode.swift; path = AppDelegate.swift; sourceTree = "<group>"; };
		BF54FAA820EA5700003399F8 /* ViewController.swift */ = {isa = PBXFileReference; lastKnownFileType = sourcecode.swift; path = ViewController.swift; sourceTree = "<group>"; };
		BF54FAAD20EA5701003399F8 /* Assets.xcassets */ = {isa = PBXFileReference; lastKnownFileType = folder.assetcatalog; path = Assets.xcassets; sourceTree = "<group>"; };
		BF54FAB220EA5701003399F8 /* Info.plist */ = {isa = PBXFileReference; lastKnownFileType = text.plist.xml; path = Info.plist; sourceTree = "<group>"; };
		BF54FAB820EA5748003399F8 /* StakeView.swift */ = {isa = PBXFileReference; lastKnownFileType = sourcecode.swift; path = StakeView.swift; sourceTree = "<group>"; };
		BF54FABC20EA5F96003399F8 /* SnakeNode.swift */ = {isa = PBXFileReference; lastKnownFileType = sourcecode.swift; path = SnakeNode.swift; sourceTree = "<group>"; };
		BF54FABE20EA5FB2003399F8 /* SnakeBody.swift */ = {isa = PBXFileReference; lastKnownFileType = sourcecode.swift; path = SnakeBody.swift; sourceTree = "<group>"; };
/* End PBXFileReference section */

/* Begin PBXFrameworksBuildPhase section */
		BF54FAA020EA5700003399F8 /* Frameworks */ = {
			isa = PBXFrameworksBuildPhase;
			buildActionMask = 2147483647;
			files = (
			);
			runOnlyForDeploymentPostprocessing = 0;
		};
/* End PBXFrameworksBuildPhase section */

/* Begin PBXGroup section */
		BF54FA9A20EA5700003399F8 = {
			isa = PBXGroup;
			children = (
				BF54FAA520EA5700003399F8 /* footballSnake */,
				BF54FAA420EA5700003399F8 /* Products */,
			);
			sourceTree = "<group>";
		};
		BF54FAA420EA5700003399F8 /* Products */ = {
			isa = PBXGroup;
			children = (
				BF54FAA320EA5700003399F8 /* footballSnake.app */,
			);
			name = Products;
			sourceTree = "<group>";
		};
		BF54FAA520EA5700003399F8 /* footballSnake */ = {
			isa = PBXGroup;
			children = (
				BF54FAAD20EA5701003399F8 /* Assets.xcassets */,
				BF54FAB220EA5701003399F8 /* Info.plist */,
				BF54FAA620EA5700003399F8 /* AppDelegate.swift */,
				BF54FAA820EA5700003399F8 /* ViewController.swift */,
				BF54FAB820EA5748003399F8 /* StakeView.swift */,
				BF54FABC20EA5F96003399F8 /* SnakeNode.swift */,
				BF54FABE20EA5FB2003399F8 /* SnakeBody.swift */,
			);
			path = footballSnake;
			sourceTree = "<group>";
		};
/* End PBXGroup section */

/* Begin PBXNativeTarget section */
		BF54FAA220EA5700003399F8 /* footballSnake */ = {
			isa = PBXNativeTarget;
			buildConfigurationList = BF54FAB520EA5701003399F8 /* Build configuration list for PBXNativeTarget "footballSnake" */;
			buildPhases = (
				BF54FA9F20EA5700003399F8 /* Sources */,
				BF54FAA020EA5700003399F8 /* Frameworks */,
				BF54FAA120EA5700003399F8 /* Resources */,
			);
			buildRules = (
			);
			dependencies = (
			);
			name = footballSnake;
			productName = footballSnake;
			productReference = BF54FAA320EA5700003399F8 /* footballSnake.app */;
			productType = "com.apple.product-type.application";
		};
/* End PBXNativeTarget section */

/* Begin PBXProject section */
		BF54FA9B20EA5700003399F8 /* Project object */ = {
			isa = PBXProject;
			attributes = {
				LastSwiftUpdateCheck = 0940;
				LastUpgradeCheck = 0940;
				ORGANIZATIONNAME = hong.qin;
				TargetAttributes = {
					BF54FAA220EA5700003399F8 = {
						CreatedOnToolsVersion = 9.4.1;
					};
				};
			};
			buildConfigurationList = BF54FA9E20EA5700003399F8 /* Build configuration list for PBXProject "footballSnake" */;
			compatibilityVersion = "Xcode 9.3";
			developmentRegion = en;
			hasScannedForEncodings = 0;
			knownRegions = (
				en,
				Base,
			);
			mainGroup = BF54FA9A20EA5700003399F8;
			productRefGroup = BF54FAA420EA5700003399F8 /* Products */;
			projectDirPath = "";
			projectRoot = "";
			targets = (
				BF54FAA220EA5700003399F8 /* footballSnake */,
			);
		};
/* End PBXProject section */

/* Begin PBXResourcesBuildPhase section */
		BF54FAA120EA5700003399F8 /* Resources */ = {
			isa = PBXResourcesBuildPhase;
			buildActionMask = 2147483647;
			files = (
				BF54FAAE20EA5701003399F8 /* Assets.xcassets in Resources */,
			);
			runOnlyForDeploymentPostprocessing = 0;
		};
/* End PBXResourcesBuildPhase section */

/* Begin PBXSourcesBuildPhase section */
		BF54FA9F20EA5700003399F8 /* Sources */ = {
			isa = PBXSourcesBuildPhase;
			buildActionMask = 2147483647;
			files = (
				BF54FAA920EA5700003399F8 /* ViewController.swift in Sources */,
				BF54FABF20EA5FB2003399F8 /* SnakeBody.swift in Sources */,
				BF54FAA720EA5700003399F8 /* AppDelegate.swift in Sources */,
				BF54FABD20EA5F96003399F8 /* SnakeNode.swift in Sources */,
				BF54FAB920EA5748003399F8 /* StakeView.swift in Sources */,
			);
			runOnlyForDeploymentPostprocessing = 0;
		};
/* End PBXSourcesBuildPhase section */

/* Begin XCBuildConfiguration section */
		BF54FAB320EA5701003399F8 /* Debug */ = {
			isa = XCBuildConfiguration;
			buildSettings = {
				ALWAYS_SEARCH_USER_PATHS = NO;
				CLANG_ANALYZER_NONNULL = YES;
				CLANG_ANALYZER_NUMBER_OBJECT_CONVERSION = YES_AGGRESSIVE;
				CLANG_CXX_LANGUAGE_STANDARD = "gnu++14";
				CLANG_CXX_LIBRARY = "libc++";
				CLANG_ENABLE_MODULES = YES;
				CLANG_ENABLE_OBJC_ARC = YES;
				CLANG_ENABLE_OBJC_WEAK = YES;
				CLANG_WARN_BLOCK_CAPTURE_AUTORELEASING = YES;
				CLANG_WARN_BOOL_CONVERSION = YES;
				CLANG_WARN_COMMA = YES;
				CLANG_WARN_CONSTANT_CONVERSION = YES;
				CLANG_WARN_DEPRECATED_OBJC_IMPLEMENTATIONS = YES;
				CLANG_WARN_DIRECT_OBJC_ISA_USAGE = YES_ERROR;
				CLANG_WARN_DOCUMENTATION_COMMENTS = YES;
				CLANG_WARN_EMPTY_BODY = YES;
				CLANG_WARN_ENUM_CONVERSION = YES;
				CLANG_WARN_INFINITE_RECURSION = YES;
				CLANG_WARN_INT_CONVERSION = YES;
				CLANG_WARN_NON_LITERAL_NULL_CONVERSION = YES;
				CLANG_WARN_OBJC_IMPLICIT_RETAIN_SELF = YES;
				CLANG_WARN_OBJC_LITERAL_CONVERSION = YES;
				CLANG_WARN_OBJC_ROOT_CLASS = YES_ERROR;
				CLANG_WARN_RANGE_LOOP_ANALYSIS = YES;
				CLANG_WARN_STRICT_PROTOTYPES = YES;
				CLANG_WARN_SUSPICIOUS_MOVE = YES;
				CLANG_WARN_UNGUARDED_AVAILABILITY = YES_AGGRESSIVE;
				CLANG_WARN_UNREACHABLE_CODE = YES;
				CLANG_WARN__DUPLICATE_METHOD_MATCH = YES;
				CODE_SIGN_IDENTITY = "iPhone Developer";
				COPY_PHASE_STRIP = NO;
				DEBUG_INFORMATION_FORMAT = dwarf;
				ENABLE_STRICT_OBJC_MSGSEND = YES;
				ENABLE_TESTABILITY = YES;
				GCC_C_LANGUAGE_STANDARD = gnu11;
				GCC_DYNAMIC_NO_PIC = NO;
				GCC_NO_COMMON_BLOCKS = YES;
				GCC_OPTIMIZATION_LEVEL = 0;
				GCC_PREPROCESSOR_DEFINITIONS = (
					"DEBUG=1",
					"$(inherited)",
				);
				GCC_WARN_64_TO_32_BIT_CONVERSION = YES;
				GCC_WARN_ABOUT_RETURN_TYPE = YES_ERROR;
				GCC_WARN_UNDECLARED_SELECTOR = YES;
				GCC_WARN_UNINITIALIZED_AUTOS = YES_AGGRESSIVE;
				GCC_WARN_UNUSED_FUNCTION = YES;
				GCC_WARN_UNUSED_VARIABLE = YES;
				IPHONEOS_DEPLOYMENT_TARGET = 11.4;
				MTL_ENABLE_DEBUG_INFO = YES;
				ONLY_ACTIVE_ARCH = YES;
				SDKROOT = iphoneos;
				SWIFT_ACTIVE_COMPILATION_CONDITIONS = DEBUG;
				SWIFT_OPTIMIZATION_LEVEL = "-Onone";
			};
			name = Debug;
		};
		BF54FAB420EA5701003399F8 /* Release */ = {
			isa = XCBuildConfiguration;
			buildSettings = {
				ALWAYS_SEARCH_USER_PATHS = NO;
				CLANG_ANALYZER_NONNULL = YES;
				CLANG_ANALYZER_NUMBER_OBJECT_CONVERSION = YES_AGGRESSIVE;
				CLANG_CXX_LANGUAGE_STANDARD = "gnu++14";
				CLANG_CXX_LIBRARY = "libc++";
				CLANG_ENABLE_MODULES = YES;
				CLANG_ENABLE_OBJC_ARC = YES;
				CLANG_ENABLE_OBJC_WEAK = YES;
				CLANG_WARN_BLOCK_CAPTURE_AUTORELEASING = YES;
				CLANG_WARN_BOOL_CONVERSION = YES;
				CLANG_WARN_COMMA = YES;
				CLANG_WARN_CONSTANT_CONVERSION = YES;
				CLANG_WARN_DEPRECATED_OBJC_IMPLEMENTATIONS = YES;
				CLANG_WARN_DIRECT_OBJC_ISA_USAGE = YES_ERROR;
				CLANG_WARN_DOCUMENTATION_COMMENTS = YES;
				CLANG_WARN_EMPTY_BODY = YES;
				CLANG_WARN_ENUM_CONVERSION = YES;
				CLANG_WARN_INFINITE_RECURSION = YES;
				CLANG_WARN_INT_CONVERSION = YES;
				CLANG_WARN_NON_LITERAL_NULL_CONVERSION = YES;
				CLANG_WARN_OBJC_IMPLICIT_RETAIN_SELF = YES;
				CLANG_WARN_OBJC_LITERAL_CONVERSION = YES;
				CLANG_WARN_OBJC_ROOT_CLASS = YES_ERROR;
				CLANG_WARN_RANGE_LOOP_ANALYSIS = YES;
				CLANG_WARN_STRICT_PROTOTYPES = YES;
				CLANG_WARN_SUSPICIOUS_MOVE = YES;
				CLANG_WARN_UNGUARDED_AVAILABILITY = YES_AGGRESSIVE;
				CLANG_WARN_UNREACHABLE_CODE = YES;
				CLANG_WARN__DUPLICATE_METHOD_MATCH = YES;
				CODE_SIGN_IDENTITY = "iPhone Developer";
				COPY_PHASE_STRIP = NO;
				DEBUG_INFORMATION_FORMAT = "dwarf-with-dsym";
				ENABLE_NS_ASSERTIONS = NO;
				ENABLE_STRICT_OBJC_MSGSEND = YES;
				GCC_C_LANGUAGE_STANDARD = gnu11;
				GCC_NO_COMMON_BLOCKS = YES;
				GCC_WARN_64_TO_32_BIT_CONVERSION = YES;
				GCC_WARN_ABOUT_RETURN_TYPE = YES_ERROR;
				GCC_WARN_UNDECLARED_SELECTOR = YES;
				GCC_WARN_UNINITIALIZED_AUTOS = YES_AGGRESSIVE;
				GCC_WARN_UNUSED_FUNCTION = YES;
				GCC_WARN_UNUSED_VARIABLE = YES;
				IPHONEOS_DEPLOYMENT_TARGET = 11.4;
				MTL_ENABLE_DEBUG_INFO = NO;
				SDKROOT = iphoneos;
				SWIFT_COMPILATION_MODE = wholemodule;
				SWIFT_OPTIMIZATION_LEVEL = "-O";
				VALIDATE_PRODUCT = YES;
			};
			name = Release;
		};
		BF54FAB620EA5701003399F8 /* Debug */ = {
			isa = XCBuildConfiguration;
			buildSettings = {
				ASSETCATALOG_COMPILER_APPICON_NAME = AppIcon;
				ASSETCATALOG_COMPILER_LAUNCHIMAGE_NAME = LaunchImage;
				CODE_SIGN_STYLE = Automatic;
				DEVELOPMENT_TEAM = EYQQ8RJ7YE;
				INFOPLIST_FILE = footballSnake/Info.plist;
				IPHONEOS_DEPLOYMENT_TARGET = 9.0;
				LD_RUNPATH_SEARCH_PATHS = (
					"$(inherited)",
					"@executable_path/Frameworks",
				);
				PRODUCT_BUNDLE_IDENTIFIER = "-91414379-qq.com.footballSnake";
				PRODUCT_NAME = "$(TARGET_NAME)";
				SWIFT_VERSION = 4.0;
				TARGETED_DEVICE_FAMILY = 1;
			};
			name = Debug;
		};
		BF54FAB720EA5701003399F8 /* Release */ = {
			isa = XCBuildConfiguration;
			buildSettings = {
				ASSETCATALOG_COMPILER_APPICON_NAME = AppIcon;
				ASSETCATALOG_COMPILER_LAUNCHIMAGE_NAME = LaunchImage;
				CODE_SIGN_STYLE = Automatic;
				DEVELOPMENT_TEAM = EYQQ8RJ7YE;
				INFOPLIST_FILE = footballSnake/Info.plist;
				IPHONEOS_DEPLOYMENT_TARGET = 9.0;
				LD_RUNPATH_SEARCH_PATHS = (
					"$(inherited)",
					"@executable_path/Frameworks",
				);
				PRODUCT_BUNDLE_IDENTIFIER = "-91414379-qq.com.footballSnake";
				PRODUCT_NAME = "$(TARGET_NAME)";
				SWIFT_VERSION = 4.0;
				TARGETED_DEVICE_FAMILY = 1;
			};
			name = Release;
		};
/* End XCBuildConfiguration section */

/* Begin XCConfigurationList section */
		BF54FA9E20EA5700003399F8 /* Build configuration list for PBXProject "footballSnake" */ = {
			isa = XCConfigurationList;
			buildConfigurations = (
				BF54FAB320EA5701003399F8 /* Debug */,
				BF54FAB420EA5701003399F8 /* Release */,
			);
			defaultConfigurationIsVisible = 0;
			defaultConfigurationName = Release;
		};
		BF54FAB520EA5701003399F8 /* Build configuration list for PBXNativeTarget "footballSnake" */ = {
			isa = XCConfigurationList;
			buildConfigurations = (
				BF54FAB620EA5701003399F8 /* Debug */,
				BF54FAB720EA5701003399F8 /* Release */,
			);
			defaultConfigurationIsVisible = 0;
			defaultConfigurationName = Release;
		};
/* End XCConfigurationList section */
	};
	rootObject = BF54FA9B20EA5700003399F8 /* Project object */;
}
